
Microsoft Visual Studio Solution File, Format Version 12.00
# Visual Studio 14
VisualStudioVersion = 14.0.25420.1
MinimumVisualStudioVersion = 10.0.40219.1
Project("{FAE04EC0-301F-11D3-BF4B-00C04F79EFBC}") = "CodeFighter.Service", "CodeFighter.Service\CodeFighter.Service.csproj", "{071AF8A1-63CA-4423-8AEB-FAB9712A5DF0}"
EndProject
Project("{FAE04EC0-301F-11D3-BF4B-00C04F79EFBC}") = "CodeFighter.Logic", "CodeFighter.Logic\CodeFighter.Logic.csproj", "{EBC2B225-A947-4A69-B537-3670A633097B}"
EndProject
Global
	GlobalSection(SolutionConfigurationPlatforms) = preSolution
		Debug|Any CPU = Debug|Any CPU
		Release|Any CPU = Release|Any CPU
	EndGlobalSection
	GlobalSection(ProjectConfigurationPlatforms) = postSolution
		{071AF8A1-63CA-4423-8AEB-FAB9712A5DF0}.Debug|Any CPU.ActiveCfg = Debug|Any CPU
		{071AF8A1-63CA-4423-8AEB-FAB9712A5DF0}.Debug|Any CPU.Build.0 = Debug|Any CPU
		{071AF8A1-63CA-4423-8AEB-FAB9712A5DF0}.Release|Any CPU.ActiveCfg = Release|Any CPU
		{071AF8A1-63CA-4423-8AEB-FAB9712A5DF0}.Release|Any CPU.Build.0 = Release|Any CPU
		{EBC2B225-A947-4A69-B537-3670A633097B}.Debug|Any CPU.ActiveCfg = Debug|Any CPU
		{EBC2B225-A947-4A69-B537-3670A633097B}.Debug|Any CPU.Build.0 = Debug|Any CPU
		{EBC2B225-A947-4A69-B537-3670A633097B}.Release|Any CPU.ActiveCfg = Release|Any CPU
		{EBC2B225-A947-4A69-B537-3670A633097B}.Release|Any CPU.Build.0 = Release|Any CPU
	EndGlobalSection
	GlobalSection(SolutionProperties) = preSolution
		HideSolutionNode = FALSE
	EndGlobalSection
EndGlobal
