
Microsoft Visual Studio Solution File, Format Version 12.00
# Visual Studio 14
VisualStudioVersion = 14.0.25420.1
MinimumVisualStudioVersion = 10.0.40219.1
Project("{FAE04EC0-301F-11D3-BF4B-00C04F79EFBC}") = "CodeFighter.Service", "CodeFighter.Service\CodeFighter.Service.csproj", "{071AF8A1-63CA-4423-8AEB-FAB9712A5DF0}"
EndProject
Project("{FAE04EC0-301F-11D3-BF4B-00C04F79EFBC}") = "CodeFighter.Logic", "CodeFighter.Logic\CodeFighter.Logic.csproj", "{EBC2B225-A947-4A69-B537-3670A633097B}"
EndProject
Project("{FAE04EC0-301F-11D3-BF4B-00C04F79EFBC}") = "SpriteShifter", "SpriteShifter\SpriteShifter.csproj", "{05883BA2-582B-4FAD-B4F4-9A686396B3DD}"
EndProject
Project("{FAE04EC0-301F-11D3-BF4B-00C04F79EFBC}") = "CodeFighter.Data", "CodeFighter.Data\CodeFighter.Data.csproj", "{7F0F038C-6C20-4DC8-8D08-48550D18ADD9}"
EndProject
Project("{FAE04EC0-301F-11D3-BF4B-00C04F79EFBC}") = "HullMaker", "HullMaker\HullMaker.csproj", "{C9C7B9D7-6F91-4229-B76D-2155854DE660}"
EndProject
Global
	GlobalSection(SolutionConfigurationPlatforms) = preSolution
		Debug|Any CPU = Debug|Any CPU
		Release|Any CPU = Release|Any CPU
	EndGlobalSection
	GlobalSection(ProjectConfigurationPlatforms) = postSolution
		{071AF8A1-63CA-4423-8AEB-FAB9712A5DF0}.Debug|Any CPU.ActiveCfg = Debug|Any CPU
		{071AF8A1-63CA-4423-8AEB-FAB9712A5DF0}.Debug|Any CPU.Build.0 = Debug|Any CPU
		{071AF8A1-63CA-4423-8AEB-FAB9712A5DF0}.Release|Any CPU.ActiveCfg = Release|Any CPU
		{071AF8A1-63CA-4423-8AEB-FAB9712A5DF0}.Release|Any CPU.Build.0 = Release|Any CPU
		{EBC2B225-A947-4A69-B537-3670A633097B}.Debug|Any CPU.ActiveCfg = Debug|Any CPU
		{EBC2B225-A947-4A69-B537-3670A633097B}.Debug|Any CPU.Build.0 = Debug|Any CPU
		{EBC2B225-A947-4A69-B537-3670A633097B}.Release|Any CPU.ActiveCfg = Release|Any CPU
		{EBC2B225-A947-4A69-B537-3670A633097B}.Release|Any CPU.Build.0 = Release|Any CPU
		{05883BA2-582B-4FAD-B4F4-9A686396B3DD}.Debug|Any CPU.ActiveCfg = Debug|Any CPU
		{05883BA2-582B-4FAD-B4F4-9A686396B3DD}.Debug|Any CPU.Build.0 = Debug|Any CPU
		{05883BA2-582B-4FAD-B4F4-9A686396B3DD}.Release|Any CPU.ActiveCfg = Release|Any CPU
		{05883BA2-582B-4FAD-B4F4-9A686396B3DD}.Release|Any CPU.Build.0 = Release|Any CPU
		{7F0F038C-6C20-4DC8-8D08-48550D18ADD9}.Debug|Any CPU.ActiveCfg = Debug|Any CPU
		{7F0F038C-6C20-4DC8-8D08-48550D18ADD9}.Debug|Any CPU.Build.0 = Debug|Any CPU
		{7F0F038C-6C20-4DC8-8D08-48550D18ADD9}.Release|Any CPU.ActiveCfg = Release|Any CPU
		{7F0F038C-6C20-4DC8-8D08-48550D18ADD9}.Release|Any CPU.Build.0 = Release|Any CPU
		{C9C7B9D7-6F91-4229-B76D-2155854DE660}.Debug|Any CPU.ActiveCfg = Debug|Any CPU
		{C9C7B9D7-6F91-4229-B76D-2155854DE660}.Debug|Any CPU.Build.0 = Debug|Any CPU
		{C9C7B9D7-6F91-4229-B76D-2155854DE660}.Release|Any CPU.ActiveCfg = Release|Any CPU
		{C9C7B9D7-6F91-4229-B76D-2155854DE660}.Release|Any CPU.Build.0 = Release|Any CPU
	EndGlobalSection
	GlobalSection(SolutionProperties) = preSolution
		HideSolutionNode = FALSE
	EndGlobalSection
EndGlobal
